
Microsoft Visual Studio Solution File, Format Version 11.00
# Visual Studio 2010
Project("{8BC9CEB8-8B4A-11D0-8D11-00A0C91BC942}") = "acllib", "acllib\acllib.vcxproj", "{B505E5DE-95CA-4391-83B8-3763C3A0B7BD}"
EndProject
Global
	GlobalSection(SolutionConfigurationPlatforms) = preSolution
		Debug|Win32 = Debug|Win32
		Release|Win32 = Release|Win32
	EndGlobalSection
	GlobalSection(ProjectConfigurationPlatforms) = postSolution
		{B505E5DE-95CA-4391-83B8-3763C3A0B7BD}.Debug|Win32.ActiveCfg = Debug|Win32
		{B505E5DE-95CA-4391-83B8-3763C3A0B7BD}.Debug|Win32.Build.0 = Debug|Win32
		{B505E5DE-95CA-4391-83B8-3763C3A0B7BD}.Release|Win32.ActiveCfg = Release|Win32
		{B505E5DE-95CA-4391-83B8-3763C3A0B7BD}.Release|Win32.Build.0 = Release|Win32
	EndGlobalSection
	GlobalSection(SolutionProperties) = preSolution
		HideSolutionNode = FALSE
	EndGlobalSection
EndGlobal
